
Microsoft Visual Studio Solution File, Format Version 12.00
# Visual Studio Version 17
VisualStudioVersion = 17.11.35312.102
MinimumVisualStudioVersion = 10.0.40219.1
Project("{FAE04EC0-301F-11D3-BF4B-00C04F79EFBC}") = "SchoolTasksAPI", "SchoolTasksAPI\SchoolTasksAPI.csproj", "{0C238B65-1EE6-413E-835B-F165BA06895A}"
EndProject
Global
	GlobalSection(SolutionConfigurationPlatforms) = preSolution
		Debug|Any CPU = Debug|Any CPU
		Release|Any CPU = Release|Any CPU
	EndGlobalSection
	GlobalSection(ProjectConfigurationPlatforms) = postSolution
		{0C238B65-1EE6-413E-835B-F165BA06895A}.Debug|Any CPU.ActiveCfg = Debug|Any CPU
		{0C238B65-1EE6-413E-835B-F165BA06895A}.Debug|Any CPU.Build.0 = Debug|Any CPU
		{0C238B65-1EE6-413E-835B-F165BA06895A}.Release|Any CPU.ActiveCfg = Release|Any CPU
		{0C238B65-1EE6-413E-835B-F165BA06895A}.Release|Any CPU.Build.0 = Release|Any CPU
	EndGlobalSection
	GlobalSection(SolutionProperties) = preSolution
		HideSolutionNode = FALSE
	EndGlobalSection
	GlobalSection(ExtensibilityGlobals) = postSolution
		SolutionGuid = {1A77FB2A-6B01-44DF-8209-97051BABD3A0}
	EndGlobalSection
EndGlobal
